
Microsoft Visual Studio Solution File, Format Version 12.00
# Visual Studio 15
VisualStudioVersion = 15.0.28307.136
MinimumVisualStudioVersion = 10.0.40219.1
Project("{FAE04EC0-301F-11D3-BF4B-00C04F79EFBC}") = "PostOffice1", "PostOffice1\PostOffice1.csproj", "{C0CC63A5-A9CA-431C-9838-BAB7ADF7E797}"
EndProject
Global
	GlobalSection(SolutionConfigurationPlatforms) = preSolution
		Debug|Any CPU = Debug|Any CPU
		Release|Any CPU = Release|Any CPU
	EndGlobalSection
	GlobalSection(ProjectConfigurationPlatforms) = postSolution
		{C0CC63A5-A9CA-431C-9838-BAB7ADF7E797}.Debug|Any CPU.ActiveCfg = Debug|Any CPU
		{C0CC63A5-A9CA-431C-9838-BAB7ADF7E797}.Debug|Any CPU.Build.0 = Debug|Any CPU
		{C0CC63A5-A9CA-431C-9838-BAB7ADF7E797}.Release|Any CPU.ActiveCfg = Release|Any CPU
		{C0CC63A5-A9CA-431C-9838-BAB7ADF7E797}.Release|Any CPU.Build.0 = Release|Any CPU
	EndGlobalSection
	GlobalSection(SolutionProperties) = preSolution
		HideSolutionNode = FALSE
	EndGlobalSection
	GlobalSection(ExtensibilityGlobals) = postSolution
		SolutionGuid = {08C883DE-8231-4DBD-852E-8B7A7A7593AA}
	EndGlobalSection
EndGlobal
