
Microsoft Visual Studio Solution File, Format Version 12.00
# Visual Studio 15
VisualStudioVersion = 15.0.28307.136
MinimumVisualStudioVersion = 10.0.40219.1
Project("{FAE04EC0-301F-11D3-BF4B-00C04F79EFBC}") = "_01_Stack", "_01_Stack\_01_Stack.csproj", "{403EAC4F-CE3A-40FB-BBAE-B1AD6792909E}"
EndProject
Global
	GlobalSection(SolutionConfigurationPlatforms) = preSolution
		Debug|Any CPU = Debug|Any CPU
		Release|Any CPU = Release|Any CPU
	EndGlobalSection
	GlobalSection(ProjectConfigurationPlatforms) = postSolution
		{403EAC4F-CE3A-40FB-BBAE-B1AD6792909E}.Debug|Any CPU.ActiveCfg = Debug|Any CPU
		{403EAC4F-CE3A-40FB-BBAE-B1AD6792909E}.Debug|Any CPU.Build.0 = Debug|Any CPU
		{403EAC4F-CE3A-40FB-BBAE-B1AD6792909E}.Release|Any CPU.ActiveCfg = Release|Any CPU
		{403EAC4F-CE3A-40FB-BBAE-B1AD6792909E}.Release|Any CPU.Build.0 = Release|Any CPU
	EndGlobalSection
	GlobalSection(SolutionProperties) = preSolution
		HideSolutionNode = FALSE
	EndGlobalSection
	GlobalSection(ExtensibilityGlobals) = postSolution
		SolutionGuid = {3A397590-3008-469B-9A75-88FC0FC9EEDE}
	EndGlobalSection
EndGlobal
