
Microsoft Visual Studio Solution File, Format Version 12.00
# Visual Studio 15
VisualStudioVersion = 15.0.28307.136
MinimumVisualStudioVersion = 10.0.40219.1
Project("{FAE04EC0-301F-11D3-BF4B-00C04F79EFBC}") = "_03_Dictionary of Objects", "_01_Dictionary of Objects\_03_Dictionary of Objects.csproj", "{32EE86FF-5DEC-4FCA-AF45-7A976C5EA6D0}"
EndProject
Global
	GlobalSection(SolutionConfigurationPlatforms) = preSolution
		Debug|Any CPU = Debug|Any CPU
		Release|Any CPU = Release|Any CPU
	EndGlobalSection
	GlobalSection(ProjectConfigurationPlatforms) = postSolution
		{32EE86FF-5DEC-4FCA-AF45-7A976C5EA6D0}.Debug|Any CPU.ActiveCfg = Debug|Any CPU
		{32EE86FF-5DEC-4FCA-AF45-7A976C5EA6D0}.Debug|Any CPU.Build.0 = Debug|Any CPU
		{32EE86FF-5DEC-4FCA-AF45-7A976C5EA6D0}.Release|Any CPU.ActiveCfg = Release|Any CPU
		{32EE86FF-5DEC-4FCA-AF45-7A976C5EA6D0}.Release|Any CPU.Build.0 = Release|Any CPU
	EndGlobalSection
	GlobalSection(SolutionProperties) = preSolution
		HideSolutionNode = FALSE
	EndGlobalSection
	GlobalSection(ExtensibilityGlobals) = postSolution
		SolutionGuid = {D7272BD5-D6FA-4AAA-B0FD-F3306D63F4AE}
	EndGlobalSection
EndGlobal
